
Microsoft Visual Studio Solution File, Format Version 12.00
# Visual Studio Version 16
VisualStudioVersion = 16.0.29509.3
MinimumVisualStudioVersion = 10.0.40219.1
Project("{FAE04EC0-301F-11D3-BF4B-00C04F79EFBC}") = "dz1_3_убегающая кнока", "dz1_3_убегающая кнока\dz1_3_убегающая кнока.csproj", "{100A6DDF-F709-4D66-BB81-11B998466C4A}"
EndProject
Global
	GlobalSection(SolutionConfigurationPlatforms) = preSolution
		Debug|Any CPU = Debug|Any CPU
		Release|Any CPU = Release|Any CPU
	EndGlobalSection
	GlobalSection(ProjectConfigurationPlatforms) = postSolution
		{100A6DDF-F709-4D66-BB81-11B998466C4A}.Debug|Any CPU.ActiveCfg = Debug|Any CPU
		{100A6DDF-F709-4D66-BB81-11B998466C4A}.Debug|Any CPU.Build.0 = Debug|Any CPU
		{100A6DDF-F709-4D66-BB81-11B998466C4A}.Release|Any CPU.ActiveCfg = Release|Any CPU
		{100A6DDF-F709-4D66-BB81-11B998466C4A}.Release|Any CPU.Build.0 = Release|Any CPU
	EndGlobalSection
	GlobalSection(SolutionProperties) = preSolution
		HideSolutionNode = FALSE
	EndGlobalSection
	GlobalSection(ExtensibilityGlobals) = postSolution
		SolutionGuid = {92283AF5-02A6-4CA9-947A-DFB665D224AC}
	EndGlobalSection
EndGlobal
